Microsoft Visual Studio Solution File, Format Version 12.00
# Visual Studio 15
VisualStudioVersion = 15.0.25618.0
MinimumVisualStudioVersion = 10.0.40219.1
Project("{8BC9CEB8-8B4A-11D0-8D11-00A0C91BC942}") = "Game of Life", "Game of Life\Game of Life.vcxproj", "{A5764BA7-42B8-4C11-8AF6-8F1A676C51C5}"
EndProject
Project("{2150E333-8FDC-42A3-9474-1A3956D46DE8}") = "CMake", "CMake", "{EE5CB6EC-CD14-3B4C-923F-B0F4922FF83E}"
EndProject
Project("{2150E333-8FDC-42A3-9474-1A3956D46DE8}") = "SFML", "SFML", "{FE24B28B-0164-3E73-A275-F138FEA973A2}"
EndProject
Project("{8BC9CEB8-8B4A-11D0-8D11-00A0C91BC942}") = "ALL_BUILD", "..\SFML-2.4.0\ALL_BUILD.vcxproj", "{1646840D-E6E9-3C81-882D-B1C50A835254}"
	ProjectSection(ProjectDependencies) = postProject
		{3970B2F2-092B-38B6-869B-EDA19B34C3D5} = {3970B2F2-092B-38B6-869B-EDA19B34C3D5}
		{C352FEEA-3286-396E-8206-65CB17E6992F} = {C352FEEA-3286-396E-8206-65CB17E6992F}
		{78D69AE9-2B02-3828-A3E3-0EEC626B9ED4} = {78D69AE9-2B02-3828-A3E3-0EEC626B9ED4}
		{F88D5A62-1A05-38E3-A679-6B7EF947C5F4} = {F88D5A62-1A05-38E3-A679-6B7EF947C5F4}
		{0EDE552C-111F-3453-B567-1FCBA3F285EA} = {0EDE552C-111F-3453-B567-1FCBA3F285EA}
		{C83C56F4-FF20-3DA8-9160-C110C1FAE4C6} = {C83C56F4-FF20-3DA8-9160-C110C1FAE4C6}
		{9ACDE328-1C24-3597-A36F-30DA8CCD0BD3} = {9ACDE328-1C24-3597-A36F-30DA8CCD0BD3}
	EndProjectSection
EndProject
Project("{8BC9CEB8-8B4A-11D0-8D11-00A0C91BC942}") = "INSTALL", "..\SFML-2.4.0\INSTALL.vcxproj", "{50ED114D-2934-3C0E-84D8-F8665F5DFAD1}"
	ProjectSection(ProjectDependencies) = postProject
		{1646840D-E6E9-3C81-882D-B1C50A835254} = {1646840D-E6E9-3C81-882D-B1C50A835254}
		{3970B2F2-092B-38B6-869B-EDA19B34C3D5} = {3970B2F2-092B-38B6-869B-EDA19B34C3D5}
	EndProjectSection
EndProject
Project("{8BC9CEB8-8B4A-11D0-8D11-00A0C91BC942}") = "ZERO_CHECK", "..\SFML-2.4.0\ZERO_CHECK.vcxproj", "{3970B2F2-092B-38B6-869B-EDA19B34C3D5}"
EndProject
Project("{8BC9CEB8-8B4A-11D0-8D11-00A0C91BC942}") = "sfml-audio", "..\SFML-2.4.0\src\SFML\Audio\sfml-audio.vcxproj", "{C352FEEA-3286-396E-8206-65CB17E6992F}"
	ProjectSection(ProjectDependencies) = postProject
		{3970B2F2-092B-38B6-869B-EDA19B34C3D5} = {3970B2F2-092B-38B6-869B-EDA19B34C3D5}
		{C83C56F4-FF20-3DA8-9160-C110C1FAE4C6} = {C83C56F4-FF20-3DA8-9160-C110C1FAE4C6}
	EndProjectSection
EndProject
Project("{8BC9CEB8-8B4A-11D0-8D11-00A0C91BC942}") = "sfml-graphics", "..\SFML-2.4.0\src\SFML\Graphics\sfml-graphics.vcxproj", "{78D69AE9-2B02-3828-A3E3-0EEC626B9ED4}"
	ProjectSection(ProjectDependencies) = postProject
		{3970B2F2-092B-38B6-869B-EDA19B34C3D5} = {3970B2F2-092B-38B6-869B-EDA19B34C3D5}
		{C83C56F4-FF20-3DA8-9160-C110C1FAE4C6} = {C83C56F4-FF20-3DA8-9160-C110C1FAE4C6}
		{9ACDE328-1C24-3597-A36F-30DA8CCD0BD3} = {9ACDE328-1C24-3597-A36F-30DA8CCD0BD3}
	EndProjectSection
EndProject
Project("{8BC9CEB8-8B4A-11D0-8D11-00A0C91BC942}") = "sfml-main", "..\SFML-2.4.0\src\SFML\Main\sfml-main.vcxproj", "{F88D5A62-1A05-38E3-A679-6B7EF947C5F4}"
	ProjectSection(ProjectDependencies) = postProject
		{3970B2F2-092B-38B6-869B-EDA19B34C3D5} = {3970B2F2-092B-38B6-869B-EDA19B34C3D5}
	EndProjectSection
EndProject
Project("{8BC9CEB8-8B4A-11D0-8D11-00A0C91BC942}") = "sfml-network", "..\SFML-2.4.0\src\SFML\Network\sfml-network.vcxproj", "{0EDE552C-111F-3453-B567-1FCBA3F285EA}"
	ProjectSection(ProjectDependencies) = postProject
		{3970B2F2-092B-38B6-869B-EDA19B34C3D5} = {3970B2F2-092B-38B6-869B-EDA19B34C3D5}
		{C83C56F4-FF20-3DA8-9160-C110C1FAE4C6} = {C83C56F4-FF20-3DA8-9160-C110C1FAE4C6}
	EndProjectSection
EndProject
Project("{8BC9CEB8-8B4A-11D0-8D11-00A0C91BC942}") = "sfml-system", "..\SFML-2.4.0\src\SFML\System\sfml-system.vcxproj", "{C83C56F4-FF20-3DA8-9160-C110C1FAE4C6}"
	ProjectSection(ProjectDependencies) = postProject
		{3970B2F2-092B-38B6-869B-EDA19B34C3D5} = {3970B2F2-092B-38B6-869B-EDA19B34C3D5}
	EndProjectSection
EndProject
Project("{8BC9CEB8-8B4A-11D0-8D11-00A0C91BC942}") = "sfml-window", "..\SFML-2.4.0\src\SFML\Window\sfml-window.vcxproj", "{9ACDE328-1C24-3597-A36F-30DA8CCD0BD3}"
	ProjectSection(ProjectDependencies) = postProject
		{3970B2F2-092B-38B6-869B-EDA19B34C3D5} = {3970B2F2-092B-38B6-869B-EDA19B34C3D5}
		{C83C56F4-FF20-3DA8-9160-C110C1FAE4C6} = {C83C56F4-FF20-3DA8-9160-C110C1FAE4C6}
	EndProjectSection
EndProject
Global
	GlobalSection(SolutionConfigurationPlatforms) = preSolution
		Debug|Win32 = Debug|Win32
		Debug|x64 = Debug|x64
		Debug|x86 = Debug|x86
		MinSizeRel|Win32 = MinSizeRel|Win32
		MinSizeRel|x64 = MinSizeRel|x64
		MinSizeRel|x86 = MinSizeRel|x86
		Release|Win32 = Release|Win32
		Release|x64 = Release|x64
		Release|x86 = Release|x86
		RelWithDebInfo|Win32 = RelWithDebInfo|Win32
		RelWithDebInfo|x64 = RelWithDebInfo|x64
		RelWithDebInfo|x86 = RelWithDebInfo|x86
	EndGlobalSection
	GlobalSection(ProjectConfigurationPlatforms) = postSolution
		{A5764BA7-42B8-4C11-8AF6-8F1A676C51C5}.Debug|Win32.ActiveCfg = Debug|Win32
		{A5764BA7-42B8-4C11-8AF6-8F1A676C51C5}.Debug|Win32.Build.0 = Debug|Win32
		{A5764BA7-42B8-4C11-8AF6-8F1A676C51C5}.Debug|x64.ActiveCfg = Debug|x64
		{A5764BA7-42B8-4C11-8AF6-8F1A676C51C5}.Debug|x64.Build.0 = Debug|x64
		{A5764BA7-42B8-4C11-8AF6-8F1A676C51C5}.Debug|x86.ActiveCfg = Debug|Win32
		{A5764BA7-42B8-4C11-8AF6-8F1A676C51C5}.Debug|x86.Build.0 = Debug|Win32
		{A5764BA7-42B8-4C11-8AF6-8F1A676C51C5}.MinSizeRel|Win32.ActiveCfg = Release|Win32
		{A5764BA7-42B8-4C11-8AF6-8F1A676C51C5}.MinSizeRel|Win32.Build.0 = Release|Win32
		{A5764BA7-42B8-4C11-8AF6-8F1A676C51C5}.MinSizeRel|x64.ActiveCfg = Release|x64
		{A5764BA7-42B8-4C11-8AF6-8F1A676C51C5}.MinSizeRel|x64.Build.0 = Release|x64
		{A5764BA7-42B8-4C11-8AF6-8F1A676C51C5}.MinSizeRel|x86.ActiveCfg = Release|Win32
		{A5764BA7-42B8-4C11-8AF6-8F1A676C51C5}.MinSizeRel|x86.Build.0 = Release|Win32
		{A5764BA7-42B8-4C11-8AF6-8F1A676C51C5}.Release|Win32.ActiveCfg = Release|Win32
		{A5764BA7-42B8-4C11-8AF6-8F1A676C51C5}.Release|Win32.Build.0 = Release|Win32
		{A5764BA7-42B8-4C11-8AF6-8F1A676C51C5}.Release|x64.ActiveCfg = Release|x64
		{A5764BA7-42B8-4C11-8AF6-8F1A676C51C5}.Release|x64.Build.0 = Release|x64
		{A5764BA7-42B8-4C11-8AF6-8F1A676C51C5}.Release|x86.ActiveCfg = Release|Win32
		{A5764BA7-42B8-4C11-8AF6-8F1A676C51C5}.Release|x86.Build.0 = Release|Win32
		{A5764BA7-42B8-4C11-8AF6-8F1A676C51C5}.RelWithDebInfo|Win32.ActiveCfg = Release|Win32
		{A5764BA7-42B8-4C11-8AF6-8F1A676C51C5}.RelWithDebInfo|Win32.Build.0 = Release|Win32
		{A5764BA7-42B8-4C11-8AF6-8F1A676C51C5}.RelWithDebInfo|x64.ActiveCfg = Release|x64
		{A5764BA7-42B8-4C11-8AF6-8F1A676C51C5}.RelWithDebInfo|x64.Build.0 = Release|x64
		{A5764BA7-42B8-4C11-8AF6-8F1A676C51C5}.RelWithDebInfo|x86.ActiveCfg = Release|Win32
		{A5764BA7-42B8-4C11-8AF6-8F1A676C51C5}.RelWithDebInfo|x86.Build.0 = Release|Win32
		{1646840D-E6E9-3C81-882D-B1C50A835254}.Debug|Win32.ActiveCfg = Debug|Win32
		{1646840D-E6E9-3C81-882D-B1C50A835254}.Debug|Win32.Build.0 = Debug|Win32
		{1646840D-E6E9-3C81-882D-B1C50A835254}.Debug|x64.ActiveCfg = Debug|Win32
		{1646840D-E6E9-3C81-882D-B1C50A835254}.Debug|x86.ActiveCfg = Debug|Win32
		{1646840D-E6E9-3C81-882D-B1C50A835254}.Debug|x86.Build.0 = Debug|Win32
		{1646840D-E6E9-3C81-882D-B1C50A835254}.MinSizeRel|Win32.ActiveCfg = MinSizeRel|Win32
		{1646840D-E6E9-3C81-882D-B1C50A835254}.MinSizeRel|Win32.Build.0 = MinSizeRel|Win32
		{1646840D-E6E9-3C81-882D-B1C50A835254}.MinSizeRel|x64.ActiveCfg = MinSizeRel|Win32
		{1646840D-E6E9-3C81-882D-B1C50A835254}.MinSizeRel|x86.ActiveCfg = MinSizeRel|Win32
		{1646840D-E6E9-3C81-882D-B1C50A835254}.MinSizeRel|x86.Build.0 = MinSizeRel|Win32
		{1646840D-E6E9-3C81-882D-B1C50A835254}.Release|Win32.ActiveCfg = Release|Win32
		{1646840D-E6E9-3C81-882D-B1C50A835254}.Release|Win32.Build.0 = Release|Win32
		{1646840D-E6E9-3C81-882D-B1C50A835254}.Release|x64.ActiveCfg = Release|Win32
		{1646840D-E6E9-3C81-882D-B1C50A835254}.Release|x86.ActiveCfg = Release|Win32
		{1646840D-E6E9-3C81-882D-B1C50A835254}.Release|x86.Build.0 = Release|Win32
		{1646840D-E6E9-3C81-882D-B1C50A835254}.RelWithDebInfo|Win32.ActiveCfg = RelWithDebInfo|Win32
		{1646840D-E6E9-3C81-882D-B1C50A835254}.RelWithDebInfo|Win32.Build.0 = RelWithDebInfo|Win32
		{1646840D-E6E9-3C81-882D-B1C50A835254}.RelWithDebInfo|x64.ActiveCfg = RelWithDebInfo|Win32
		{1646840D-E6E9-3C81-882D-B1C50A835254}.RelWithDebInfo|x86.ActiveCfg = RelWithDebInfo|Win32
		{1646840D-E6E9-3C81-882D-B1C50A835254}.RelWithDebInfo|x86.Build.0 = RelWithDebInfo|Win32
		{50ED114D-2934-3C0E-84D8-F8665F5DFAD1}.Debug|Win32.ActiveCfg = Debug|Win32
		{50ED114D-2934-3C0E-84D8-F8665F5DFAD1}.Debug|x64.ActiveCfg = Debug|Win32
		{50ED114D-2934-3C0E-84D8-F8665F5DFAD1}.Debug|x86.ActiveCfg = Debug|Win32
		{50ED114D-2934-3C0E-84D8-F8665F5DFAD1}.Debug|x86.Build.0 = Debug|Win32
		{50ED114D-2934-3C0E-84D8-F8665F5DFAD1}.MinSizeRel|Win32.ActiveCfg = MinSizeRel|Win32
		{50ED114D-2934-3C0E-84D8-F8665F5DFAD1}.MinSizeRel|x64.ActiveCfg = MinSizeRel|Win32
		{50ED114D-2934-3C0E-84D8-F8665F5DFAD1}.MinSizeRel|x86.ActiveCfg = MinSizeRel|Win32
		{50ED114D-2934-3C0E-84D8-F8665F5DFAD1}.MinSizeRel|x86.Build.0 = MinSizeRel|Win32
		{50ED114D-2934-3C0E-84D8-F8665F5DFAD1}.Release|Win32.ActiveCfg = Release|Win32
		{50ED114D-2934-3C0E-84D8-F8665F5DFAD1}.Release|x64.ActiveCfg = Release|Win32
		{50ED114D-2934-3C0E-84D8-F8665F5DFAD1}.Release|x86.ActiveCfg = Release|Win32
		{50ED114D-2934-3C0E-84D8-F8665F5DFAD1}.Release|x86.Build.0 = Release|Win32
		{50ED114D-2934-3C0E-84D8-F8665F5DFAD1}.RelWithDebInfo|Win32.ActiveCfg = RelWithDebInfo|Win32
		{50ED114D-2934-3C0E-84D8-F8665F5DFAD1}.RelWithDebInfo|x64.ActiveCfg = RelWithDebInfo|Win32
		{50ED114D-2934-3C0E-84D8-F8665F5DFAD1}.RelWithDebInfo|x86.ActiveCfg = RelWithDebInfo|Win32
		{50ED114D-2934-3C0E-84D8-F8665F5DFAD1}.RelWithDebInfo|x86.Build.0 = RelWithDebInfo|Win32
		{3970B2F2-092B-38B6-869B-EDA19B34C3D5}.Debug|Win32.ActiveCfg = Debug|Win32
		{3970B2F2-092B-38B6-869B-EDA19B34C3D5}.Debug|Win32.Build.0 = Debug|Win32
		{3970B2F2-092B-38B6-869B-EDA19B34C3D5}.Debug|x64.ActiveCfg = Debug|Win32
		{3970B2F2-092B-38B6-869B-EDA19B34C3D5}.Debug|x86.ActiveCfg = Debug|Win32
		{3970B2F2-092B-38B6-869B-EDA19B34C3D5}.Debug|x86.Build.0 = Debug|Win32
		{3970B2F2-092B-38B6-869B-EDA19B34C3D5}.MinSizeRel|Win32.ActiveCfg = MinSizeRel|Win32
		{3970B2F2-092B-38B6-869B-EDA19B34C3D5}.MinSizeRel|Win32.Build.0 = MinSizeRel|Win32
		{3970B2F2-092B-38B6-869B-EDA19B34C3D5}.MinSizeRel|x64.ActiveCfg = MinSizeRel|Win32
		{3970B2F2-092B-38B6-869B-EDA19B34C3D5}.MinSizeRel|x86.ActiveCfg = MinSizeRel|Win32
		{3970B2F2-092B-38B6-869B-EDA19B34C3D5}.MinSizeRel|x86.Build.0 = MinSizeRel|Win32
		{3970B2F2-092B-38B6-869B-EDA19B34C3D5}.Release|Win32.ActiveCfg = Release|Win32
		{3970B2F2-092B-38B6-869B-EDA19B34C3D5}.Release|Win32.Build.0 = Release|Win32
		{3970B2F2-092B-38B6-869B-EDA19B34C3D5}.Release|x64.ActiveCfg = Release|Win32
		{3970B2F2-092B-38B6-869B-EDA19B34C3D5}.Release|x86.ActiveCfg = Release|Win32
		{3970B2F2-092B-38B6-869B-EDA19B34C3D5}.Release|x86.Build.0 = Release|Win32
		{3970B2F2-092B-38B6-869B-EDA19B34C3D5}.RelWithDebInfo|Win32.ActiveCfg = RelWithDebInfo|Win32
		{3970B2F2-092B-38B6-869B-EDA19B34C3D5}.RelWithDebInfo|Win32.Build.0 = RelWithDebInfo|Win32
		{3970B2F2-092B-38B6-869B-EDA19B34C3D5}.RelWithDebInfo|x64.ActiveCfg = RelWithDebInfo|Win32
		{3970B2F2-092B-38B6-869B-EDA19B34C3D5}.RelWithDebInfo|x86.ActiveCfg = RelWithDebInfo|Win32
		{3970B2F2-092B-38B6-869B-EDA19B34C3D5}.RelWithDebInfo|x86.Build.0 = RelWithDebInfo|Win32
		{C352FEEA-3286-396E-8206-65CB17E6992F}.Debug|Win32.ActiveCfg = Debug|Win32
		{C352FEEA-3286-396E-8206-65CB17E6992F}.Debug|Win32.Build.0 = Debug|Win32
		{C352FEEA-3286-396E-8206-65CB17E6992F}.Debug|x64.ActiveCfg = Debug|Win32
		{C352FEEA-3286-396E-8206-65CB17E6992F}.Debug|x86.ActiveCfg = Debug|Win32
		{C352FEEA-3286-396E-8206-65CB17E6992F}.Debug|x86.Build.0 = Debug|Win32
		{C352FEEA-3286-396E-8206-65CB17E6992F}.MinSizeRel|Win32.ActiveCfg = MinSizeRel|Win32
		{C352FEEA-3286-396E-8206-65CB17E6992F}.MinSizeRel|Win32.Build.0 = MinSizeRel|Win32
		{C352FEEA-3286-396E-8206-65CB17E6992F}.MinSizeRel|x64.ActiveCfg = MinSizeRel|Win32
		{C352FEEA-3286-396E-8206-65CB17E6992F}.MinSizeRel|x86.ActiveCfg = MinSizeRel|Win32
		{C352FEEA-3286-396E-8206-65CB17E6992F}.MinSizeRel|x86.Build.0 = MinSizeRel|Win32
		{C352FEEA-3286-396E-8206-65CB17E6992F}.Release|Win32.ActiveCfg = Release|Win32
		{C352FEEA-3286-396E-8206-65CB17E6992F}.Release|Win32.Build.0 = Release|Win32
		{C352FEEA-3286-396E-8206-65CB17E6992F}.Release|x64.ActiveCfg = Release|Win32
		{C352FEEA-3286-396E-8206-65CB17E6992F}.Release|x86.ActiveCfg = Release|Win32
		{C352FEEA-3286-396E-8206-65CB17E6992F}.Release|x86.Build.0 = Release|Win32
		{C352FEEA-3286-396E-8206-65CB17E6992F}.RelWithDebInfo|Win32.ActiveCfg = RelWithDebInfo|Win32
		{C352FEEA-3286-396E-8206-65CB17E6992F}.RelWithDebInfo|Win32.Build.0 = RelWithDebInfo|Win32
		{C352FEEA-3286-396E-8206-65CB17E6992F}.RelWithDebInfo|x64.ActiveCfg = RelWithDebInfo|Win32
		{C352FEEA-3286-396E-8206-65CB17E6992F}.RelWithDebInfo|x86.ActiveCfg = RelWithDebInfo|Win32
		{C352FEEA-3286-396E-8206-65CB17E6992F}.RelWithDebInfo|x86.Build.0 = RelWithDebInfo|Win32
		{78D69AE9-2B02-3828-A3E3-0EEC626B9ED4}.Debug|Win32.ActiveCfg = Debug|Win32
		{78D69AE9-2B02-3828-A3E3-0EEC626B9ED4}.Debug|Win32.Build.0 = Debug|Win32
		{78D69AE9-2B02-3828-A3E3-0EEC626B9ED4}.Debug|x64.ActiveCfg = Debug|Win32
		{78D69AE9-2B02-3828-A3E3-0EEC626B9ED4}.Debug|x86.ActiveCfg = Debug|Win32
		{78D69AE9-2B02-3828-A3E3-0EEC626B9ED4}.Debug|x86.Build.0 = Debug|Win32
		{78D69AE9-2B02-3828-A3E3-0EEC626B9ED4}.MinSizeRel|Win32.ActiveCfg = MinSizeRel|Win32
		{78D69AE9-2B02-3828-A3E3-0EEC626B9ED4}.MinSizeRel|Win32.Build.0 = MinSizeRel|Win32
		{78D69AE9-2B02-3828-A3E3-0EEC626B9ED4}.MinSizeRel|x64.ActiveCfg = MinSizeRel|Win32
		{78D69AE9-2B02-3828-A3E3-0EEC626B9ED4}.MinSizeRel|x86.ActiveCfg = MinSizeRel|Win32
		{78D69AE9-2B02-3828-A3E3-0EEC626B9ED4}.MinSizeRel|x86.Build.0 = MinSizeRel|Win32
		{78D69AE9-2B02-3828-A3E3-0EEC626B9ED4}.Release|Win32.ActiveCfg = Release|Win32
		{78D69AE9-2B02-3828-A3E3-0EEC626B9ED4}.Release|Win32.Build.0 = Release|Win32
		{78D69AE9-2B02-3828-A3E3-0EEC626B9ED4}.Release|x64.ActiveCfg = Release|Win32
		{78D69AE9-2B02-3828-A3E3-0EEC626B9ED4}.Release|x86.ActiveCfg = Release|Win32
		{78D69AE9-2B02-3828-A3E3-0EEC626B9ED4}.Release|x86.Build.0 = Release|Win32
		{78D69AE9-2B02-3828-A3E3-0EEC626B9ED4}.RelWithDebInfo|Win32.ActiveCfg = RelWithDebInfo|Win32
		{78D69AE9-2B02-3828-A3E3-0EEC626B9ED4}.RelWithDebInfo|Win32.Build.0 = RelWithDebInfo|Win32
		{78D69AE9-2B02-3828-A3E3-0EEC626B9ED4}.RelWithDebInfo|x64.ActiveCfg = RelWithDebInfo|Win32
		{78D69AE9-2B02-3828-A3E3-0EEC626B9ED4}.RelWithDebInfo|x86.ActiveCfg = RelWithDebInfo|Win32
		{78D69AE9-2B02-3828-A3E3-0EEC626B9ED4}.RelWithDebInfo|x86.Build.0 = RelWithDebInfo|Win32
		{F88D5A62-1A05-38E3-A679-6B7EF947C5F4}.Debug|Win32.ActiveCfg = Debug|Win32
		{F88D5A62-1A05-38E3-A679-6B7EF947C5F4}.Debug|Win32.Build.0 = Debug|Win32
		{F88D5A62-1A05-38E3-A679-6B7EF947C5F4}.Debug|x64.ActiveCfg = Debug|Win32
		{F88D5A62-1A05-38E3-A679-6B7EF947C5F4}.Debug|x86.ActiveCfg = Debug|Win32
		{F88D5A62-1A05-38E3-A679-6B7EF947C5F4}.Debug|x86.Build.0 = Debug|Win32
		{F88D5A62-1A05-38E3-A679-6B7EF947C5F4}.MinSizeRel|Win32.ActiveCfg = MinSizeRel|Win32
		{F88D5A62-1A05-38E3-A679-6B7EF947C5F4}.MinSizeRel|Win32.Build.0 = MinSizeRel|Win32
		{F88D5A62-1A05-38E3-A679-6B7EF947C5F4}.MinSizeRel|x64.ActiveCfg = MinSizeRel|Win32
		{F88D5A62-1A05-38E3-A679-6B7EF947C5F4}.MinSizeRel|x86.ActiveCfg = MinSizeRel|Win32
		{F88D5A62-1A05-38E3-A679-6B7EF947C5F4}.MinSizeRel|x86.Build.0 = MinSizeRel|Win32
		{F88D5A62-1A05-38E3-A679-6B7EF947C5F4}.Release|Win32.ActiveCfg = Release|Win32
		{F88D5A62-1A05-38E3-A679-6B7EF947C5F4}.Release|Win32.Build.0 = Release|Win32
		{F88D5A62-1A05-38E3-A679-6B7EF947C5F4}.Release|x64.ActiveCfg = Release|Win32
		{F88D5A62-1A05-38E3-A679-6B7EF947C5F4}.Release|x86.ActiveCfg = Release|Win32
		{F88D5A62-1A05-38E3-A679-6B7EF947C5F4}.Release|x86.Build.0 = Release|Win32
		{F88D5A62-1A05-38E3-A679-6B7EF947C5F4}.RelWithDebInfo|Win32.ActiveCfg = RelWithDebInfo|Win32
		{F88D5A62-1A05-38E3-A679-6B7EF947C5F4}.RelWithDebInfo|Win32.Build.0 = RelWithDebInfo|Win32
		{F88D5A62-1A05-38E3-A679-6B7EF947C5F4}.RelWithDebInfo|x64.ActiveCfg = RelWithDebInfo|Win32
		{F88D5A62-1A05-38E3-A679-6B7EF947C5F4}.RelWithDebInfo|x86.ActiveCfg = RelWithDebInfo|Win32
		{F88D5A62-1A05-38E3-A679-6B7EF947C5F4}.RelWithDebInfo|x86.Build.0 = RelWithDebInfo|Win32
		{0EDE552C-111F-3453-B567-1FCBA3F285EA}.Debug|Win32.ActiveCfg = Debug|Win32
		{0EDE552C-111F-3453-B567-1FCBA3F285EA}.Debug|Win32.Build.0 = Debug|Win32
		{0EDE552C-111F-3453-B567-1FCBA3F285EA}.Debug|x64.ActiveCfg = Debug|Win32
		{0EDE552C-111F-3453-B567-1FCBA3F285EA}.Debug|x86.ActiveCfg = Debug|Win32
		{0EDE552C-111F-3453-B567-1FCBA3F285EA}.Debug|x86.Build.0 = Debug|Win32
		{0EDE552C-111F-3453-B567-1FCBA3F285EA}.MinSizeRel|Win32.ActiveCfg = MinSizeRel|Win32
		{0EDE552C-111F-3453-B567-1FCBA3F285EA}.MinSizeRel|Win32.Build.0 = MinSizeRel|Win32
		{0EDE552C-111F-3453-B567-1FCBA3F285EA}.MinSizeRel|x64.ActiveCfg = MinSizeRel|Win32
		{0EDE552C-111F-3453-B567-1FCBA3F285EA}.MinSizeRel|x86.ActiveCfg = MinSizeRel|Win32
		{0EDE552C-111F-3453-B567-1FCBA3F285EA}.MinSizeRel|x86.Build.0 = MinSizeRel|Win32
		{0EDE552C-111F-3453-B567-1FCBA3F285EA}.Release|Win32.ActiveCfg = Release|Win32
		{0EDE552C-111F-3453-B567-1FCBA3F285EA}.Release|Win32.Build.0 = Release|Win32
		{0EDE552C-111F-3453-B567-1FCBA3F285EA}.Release|x64.ActiveCfg = Release|Win32
		{0EDE552C-111F-3453-B567-1FCBA3F285EA}.Release|x86.ActiveCfg = Release|Win32
		{0EDE552C-111F-3453-B567-1FCBA3F285EA}.Release|x86.Build.0 = Release|Win32
		{0EDE552C-111F-3453-B567-1FCBA3F285EA}.RelWithDebInfo|Win32.ActiveCfg = RelWithDebInfo|Win32
		{0EDE552C-111F-3453-B567-1FCBA3F285EA}.RelWithDebInfo|Win32.Build.0 = RelWithDebInfo|Win32
		{0EDE552C-111F-3453-B567-1FCBA3F285EA}.RelWithDebInfo|x64.ActiveCfg = RelWithDebInfo|Win32
		{0EDE552C-111F-3453-B567-1FCBA3F285EA}.RelWithDebInfo|x86.ActiveCfg = RelWithDebInfo|Win32
		{0EDE552C-111F-3453-B567-1FCBA3F285EA}.RelWithDebInfo|x86.Build.0 = RelWithDebInfo|Win32
		{C83C56F4-FF20-3DA8-9160-C110C1FAE4C6}.Debug|Win32.ActiveCfg = Debug|Win32
		{C83C56F4-FF20-3DA8-9160-C110C1FAE4C6}.Debug|Win32.Build.0 = Debug|Win32
		{C83C56F4-FF20-3DA8-9160-C110C1FAE4C6}.Debug|x64.ActiveCfg = Debug|Win32
		{C83C56F4-FF20-3DA8-9160-C110C1FAE4C6}.Debug|x86.ActiveCfg = Debug|Win32
		{C83C56F4-FF20-3DA8-9160-C110C1FAE4C6}.Debug|x86.Build.0 = Debug|Win32
		{C83C56F4-FF20-3DA8-9160-C110C1FAE4C6}.MinSizeRel|Win32.ActiveCfg = MinSizeRel|Win32
		{C83C56F4-FF20-3DA8-9160-C110C1FAE4C6}.MinSizeRel|Win32.Build.0 = MinSizeRel|Win32
		{C83C56F4-FF20-3DA8-9160-C110C1FAE4C6}.MinSizeRel|x64.ActiveCfg = MinSizeRel|Win32
		{C83C56F4-FF20-3DA8-9160-C110C1FAE4C6}.MinSizeRel|x86.ActiveCfg = MinSizeRel|Win32
		{C83C56F4-FF20-3DA8-9160-C110C1FAE4C6}.MinSizeRel|x86.Build.0 = MinSizeRel|Win32
		{C83C56F4-FF20-3DA8-9160-C110C1FAE4C6}.Release|Win32.ActiveCfg = Release|Win32
		{C83C56F4-FF20-3DA8-9160-C110C1FAE4C6}.Release|Win32.Build.0 = Release|Win32
		{C83C56F4-FF20-3DA8-9160-C110C1FAE4C6}.Release|x64.ActiveCfg = Release|Win32
		{C83C56F4-FF20-3DA8-9160-C110C1FAE4C6}.Release|x86.ActiveCfg = Release|Win32
		{C83C56F4-FF20-3DA8-9160-C110C1FAE4C6}.Release|x86.Build.0 = Release|Win32
		{C83C56F4-FF20-3DA8-9160-C110C1FAE4C6}.RelWithDebInfo|Win32.ActiveCfg = RelWithDebInfo|Win32
		{C83C56F4-FF20-3DA8-9160-C110C1FAE4C6}.RelWithDebInfo|Win32.Build.0 = RelWithDebInfo|Win32
		{C83C56F4-FF20-3DA8-9160-C110C1FAE4C6}.RelWithDebInfo|x64.ActiveCfg = RelWithDebInfo|Win32
		{C83C56F4-FF20-3DA8-9160-C110C1FAE4C6}.RelWithDebInfo|x86.ActiveCfg = RelWithDebInfo|Win32
		{C83C56F4-FF20-3DA8-9160-C110C1FAE4C6}.RelWithDebInfo|x86.Build.0 = RelWithDebInfo|Win32
		{9ACDE328-1C24-3597-A36F-30DA8CCD0BD3}.Debug|Win32.ActiveCfg = Debug|Win32
		{9ACDE328-1C24-3597-A36F-30DA8CCD0BD3}.Debug|Win32.Build.0 = Debug|Win32
		{9ACDE328-1C24-3597-A36F-30DA8CCD0BD3}.Debug|x64.ActiveCfg = Debug|Win32
		{9ACDE328-1C24-3597-A36F-30DA8CCD0BD3}.Debug|x86.ActiveCfg = Debug|Win32
		{9ACDE328-1C24-3597-A36F-30DA8CCD0BD3}.Debug|x86.Build.0 = Debug|Win32
		{9ACDE328-1C24-3597-A36F-30DA8CCD0BD3}.MinSizeRel|Win32.ActiveCfg = MinSizeRel|Win32
		{9ACDE328-1C24-3597-A36F-30DA8CCD0BD3}.MinSizeRel|Win32.Build.0 = MinSizeRel|Win32
		{9ACDE328-1C24-3597-A36F-30DA8CCD0BD3}.MinSizeRel|x64.ActiveCfg = MinSizeRel|Win32
		{9ACDE328-1C24-3597-A36F-30DA8CCD0BD3}.MinSizeRel|x86.ActiveCfg = MinSizeRel|Win32
		{9ACDE328-1C24-3597-A36F-30DA8CCD0BD3}.MinSizeRel|x86.Build.0 = MinSizeRel|Win32
		{9ACDE328-1C24-3597-A36F-30DA8CCD0BD3}.Release|Win32.ActiveCfg = Release|Win32
		{9ACDE328-1C24-3597-A36F-30DA8CCD0BD3}.Release|Win32.Build.0 = Release|Win32
		{9ACDE328-1C24-3597-A36F-30DA8CCD0BD3}.Release|x64.ActiveCfg = Release|Win32
		{9ACDE328-1C24-3597-A36F-30DA8CCD0BD3}.Release|x86.ActiveCfg = Release|Win32
		{9ACDE328-1C24-3597-A36F-30DA8CCD0BD3}.Release|x86.Build.0 = Release|Win32
		{9ACDE328-1C24-3597-A36F-30DA8CCD0BD3}.RelWithDebInfo|Win32.ActiveCfg = RelWithDebInfo|Win32
		{9ACDE328-1C24-3597-A36F-30DA8CCD0BD3}.RelWithDebInfo|Win32.Build.0 = RelWithDebInfo|Win32
		{9ACDE328-1C24-3597-A36F-30DA8CCD0BD3}.RelWithDebInfo|x64.ActiveCfg = RelWithDebInfo|Win32
		{9ACDE328-1C24-3597-A36F-30DA8CCD0BD3}.RelWithDebInfo|x86.ActiveCfg = RelWithDebInfo|Win32
		{9ACDE328-1C24-3597-A36F-30DA8CCD0BD3}.RelWithDebInfo|x86.Build.0 = RelWithDebInfo|Win32
	EndGlobalSection
	GlobalSection(SolutionProperties) = preSolution
		HideSolutionNode = FALSE
	EndGlobalSection
	GlobalSection(NestedProjects) = preSolution
		{1646840D-E6E9-3C81-882D-B1C50A835254} = {EE5CB6EC-CD14-3B4C-923F-B0F4922FF83E}
		{50ED114D-2934-3C0E-84D8-F8665F5DFAD1} = {EE5CB6EC-CD14-3B4C-923F-B0F4922FF83E}
		{3970B2F2-092B-38B6-869B-EDA19B34C3D5} = {EE5CB6EC-CD14-3B4C-923F-B0F4922FF83E}
		{C352FEEA-3286-396E-8206-65CB17E6992F} = {FE24B28B-0164-3E73-A275-F138FEA973A2}
		{78D69AE9-2B02-3828-A3E3-0EEC626B9ED4} = {FE24B28B-0164-3E73-A275-F138FEA973A2}
		{F88D5A62-1A05-38E3-A679-6B7EF947C5F4} = {FE24B28B-0164-3E73-A275-F138FEA973A2}
		{0EDE552C-111F-3453-B567-1FCBA3F285EA} = {FE24B28B-0164-3E73-A275-F138FEA973A2}
		{C83C56F4-FF20-3DA8-9160-C110C1FAE4C6} = {FE24B28B-0164-3E73-A275-F138FEA973A2}
		{9ACDE328-1C24-3597-A36F-30DA8CCD0BD3} = {FE24B28B-0164-3E73-A275-F138FEA973A2}
	EndGlobalSection
EndGlobal
